
Microsoft Visual Studio Solution File, Format Version 12.00
# Visual Studio Version 16
VisualStudioVersion = 16.0.29728.190
MinimumVisualStudioVersion = 10.0.40219.1
Project("{FAE04EC0-301F-11D3-BF4B-00C04F79EFBC}") = "WPF_til_leg", "WPF_til_leg\WPF_til_leg.csproj", "{211362F1-BFFF-46C8-A545-6920A1859AE9}"
EndProject
Global
	GlobalSection(SolutionConfigurationPlatforms) = preSolution
		Debug|Any CPU = Debug|Any CPU
		Release|Any CPU = Release|Any CPU
	EndGlobalSection
	GlobalSection(ProjectConfigurationPlatforms) = postSolution
		{211362F1-BFFF-46C8-A545-6920A1859AE9}.Debug|Any CPU.ActiveCfg = Debug|Any CPU
		{211362F1-BFFF-46C8-A545-6920A1859AE9}.Debug|Any CPU.Build.0 = Debug|Any CPU
		{211362F1-BFFF-46C8-A545-6920A1859AE9}.Release|Any CPU.ActiveCfg = Release|Any CPU
		{211362F1-BFFF-46C8-A545-6920A1859AE9}.Release|Any CPU.Build.0 = Release|Any CPU
	EndGlobalSection
	GlobalSection(SolutionProperties) = preSolution
		HideSolutionNode = FALSE
	EndGlobalSection
	GlobalSection(ExtensibilityGlobals) = postSolution
		SolutionGuid = {4B3425E8-505B-4F39-A3A8-1DC51183A33B}
	EndGlobalSection
EndGlobal
