
Microsoft Visual Studio Solution File, Format Version 12.00
# Visual Studio Version 16
VisualStudioVersion = 16.0.30011.22
MinimumVisualStudioVersion = 10.0.40219.1
Project("{FAE04EC0-301F-11D3-BF4B-00C04F79EFBC}") = "ButtonTest", "ButtonTest.csproj", "{5B66F2EF-05D3-4DC6-B828-BF1725B1B935}"
EndProject
Global
	GlobalSection(SolutionConfigurationPlatforms) = preSolution
		Debug|Any CPU = Debug|Any CPU
		Release|Any CPU = Release|Any CPU
	EndGlobalSection
	GlobalSection(ProjectConfigurationPlatforms) = postSolution
		{5B66F2EF-05D3-4DC6-B828-BF1725B1B935}.Debug|Any CPU.ActiveCfg = Debug|Any CPU
		{5B66F2EF-05D3-4DC6-B828-BF1725B1B935}.Debug|Any CPU.Build.0 = Debug|Any CPU
		{5B66F2EF-05D3-4DC6-B828-BF1725B1B935}.Release|Any CPU.ActiveCfg = Release|Any CPU
		{5B66F2EF-05D3-4DC6-B828-BF1725B1B935}.Release|Any CPU.Build.0 = Release|Any CPU
	EndGlobalSection
	GlobalSection(SolutionProperties) = preSolution
		HideSolutionNode = FALSE
	EndGlobalSection
	GlobalSection(ExtensibilityGlobals) = postSolution
		SolutionGuid = {4C9BB7ED-D676-458F-8686-13FC488B861C}
	EndGlobalSection
EndGlobal
