
Microsoft Visual Studio Solution File, Format Version 12.00
# Visual Studio Version 16
VisualStudioVersion = 16.0.29728.190
MinimumVisualStudioVersion = 10.0.40219.1
Project("{FAE04EC0-301F-11D3-BF4B-00C04F79EFBC}") = "WPF_til_leg", "WPF_til_leg\WPF_til_leg.csproj", "{2A204146-33F5-466E-9FA0-91AA726DDA94}"
EndProject
Global
	GlobalSection(SolutionConfigurationPlatforms) = preSolution
		Debug|Any CPU = Debug|Any CPU
		Release|Any CPU = Release|Any CPU
	EndGlobalSection
	GlobalSection(ProjectConfigurationPlatforms) = postSolution
		{2A204146-33F5-466E-9FA0-91AA726DDA94}.Debug|Any CPU.ActiveCfg = Debug|Any CPU
		{2A204146-33F5-466E-9FA0-91AA726DDA94}.Debug|Any CPU.Build.0 = Debug|Any CPU
		{2A204146-33F5-466E-9FA0-91AA726DDA94}.Release|Any CPU.ActiveCfg = Release|Any CPU
		{2A204146-33F5-466E-9FA0-91AA726DDA94}.Release|Any CPU.Build.0 = Release|Any CPU
	EndGlobalSection
	GlobalSection(SolutionProperties) = preSolution
		HideSolutionNode = FALSE
	EndGlobalSection
	GlobalSection(ExtensibilityGlobals) = postSolution
		SolutionGuid = {C36795C1-DC54-4C56-A73A-C950A0293AC8}
	EndGlobalSection
EndGlobal
